
Microsoft Visual Studio Solution File, Format Version 12.00
# Visual Studio Version 17
VisualStudioVersion = 17.4.33403.182
MinimumVisualStudioVersion = 10.0.40219.1
Project("{FAE04EC0-301F-11D3-BF4B-00C04F79EFBC}") = "App", "App\App.csproj", "{6A53D743-E6C9-443D-911A-9D5C63546DC5}"
EndProject
Project("{FAE04EC0-301F-11D3-BF4B-00C04F79EFBC}") = "BusinessLogic", "BusinessLogic\BusinessLogic.csproj", "{83137517-8565-4255-ACCC-14AE5241E40B}"
EndProject
Project("{FAE04EC0-301F-11D3-BF4B-00C04F79EFBC}") = "DataAccess", "DataAccess\DataAccess.csproj", "{B7BBD227-ABD0-44C3-A74E-A3F28400EA66}"
EndProject
Global
	GlobalSection(SolutionConfigurationPlatforms) = preSolution
		Debug|Any CPU = Debug|Any CPU
		Release|Any CPU = Release|Any CPU
	EndGlobalSection
	GlobalSection(ProjectConfigurationPlatforms) = postSolution
		{6A53D743-E6C9-443D-911A-9D5C63546DC5}.Debug|Any CPU.ActiveCfg = Debug|Any CPU
		{6A53D743-E6C9-443D-911A-9D5C63546DC5}.Debug|Any CPU.Build.0 = Debug|Any CPU
		{6A53D743-E6C9-443D-911A-9D5C63546DC5}.Release|Any CPU.ActiveCfg = Release|Any CPU
		{6A53D743-E6C9-443D-911A-9D5C63546DC5}.Release|Any CPU.Build.0 = Release|Any CPU
		{83137517-8565-4255-ACCC-14AE5241E40B}.Debug|Any CPU.ActiveCfg = Debug|Any CPU
		{83137517-8565-4255-ACCC-14AE5241E40B}.Debug|Any CPU.Build.0 = Debug|Any CPU
		{83137517-8565-4255-ACCC-14AE5241E40B}.Release|Any CPU.ActiveCfg = Release|Any CPU
		{83137517-8565-4255-ACCC-14AE5241E40B}.Release|Any CPU.Build.0 = Release|Any CPU
		{B7BBD227-ABD0-44C3-A74E-A3F28400EA66}.Debug|Any CPU.ActiveCfg = Debug|Any CPU
		{B7BBD227-ABD0-44C3-A74E-A3F28400EA66}.Debug|Any CPU.Build.0 = Debug|Any CPU
		{B7BBD227-ABD0-44C3-A74E-A3F28400EA66}.Release|Any CPU.ActiveCfg = Release|Any CPU
		{B7BBD227-ABD0-44C3-A74E-A3F28400EA66}.Release|Any CPU.Build.0 = Release|Any CPU
	EndGlobalSection
	GlobalSection(SolutionProperties) = preSolution
		HideSolutionNode = FALSE
	EndGlobalSection
	GlobalSection(ExtensibilityGlobals) = postSolution
		SolutionGuid = {9704A3EF-C4FF-400C-9FDE-170EC1064AA4}
	EndGlobalSection
EndGlobal
